
Microsoft Visual Studio Solution File, Format Version 12.00
# Visual Studio Version 16
VisualStudioVersion = 16.0.30503.244
MinimumVisualStudioVersion = 10.0.40219.1
Project("{8BC9CEB8-8B4A-11D0-8D11-00A0C91BC942}") = "Project2", "Project2\Project2.vcxproj", "{4812D4E8-C274-4EF9-A89F-3BFC70CFB961}"
EndProject
Project("{8BC9CEB8-8B4A-11D0-8D11-00A0C91BC942}") = "TestProject2", "TestProject2\TestProject2.vcxproj", "{CF274154-5127-42EC-8562-F5E61FB3DBF5}"
EndProject
Global
	GlobalSection(SolutionConfigurationPlatforms) = preSolution
		Debug|x64 = Debug|x64
		Debug|x86 = Debug|x86
		Release|x64 = Release|x64
		Release|x86 = Release|x86
	EndGlobalSection
	GlobalSection(ProjectConfigurationPlatforms) = postSolution
		{4812D4E8-C274-4EF9-A89F-3BFC70CFB961}.Debug|x64.ActiveCfg = Debug|x64
		{4812D4E8-C274-4EF9-A89F-3BFC70CFB961}.Debug|x64.Build.0 = Debug|x64
		{4812D4E8-C274-4EF9-A89F-3BFC70CFB961}.Debug|x86.ActiveCfg = Debug|Win32
		{4812D4E8-C274-4EF9-A89F-3BFC70CFB961}.Debug|x86.Build.0 = Debug|Win32
		{4812D4E8-C274-4EF9-A89F-3BFC70CFB961}.Release|x64.ActiveCfg = Release|x64
		{4812D4E8-C274-4EF9-A89F-3BFC70CFB961}.Release|x64.Build.0 = Release|x64
		{4812D4E8-C274-4EF9-A89F-3BFC70CFB961}.Release|x86.ActiveCfg = Release|Win32
		{4812D4E8-C274-4EF9-A89F-3BFC70CFB961}.Release|x86.Build.0 = Release|Win32
		{CF274154-5127-42EC-8562-F5E61FB3DBF5}.Debug|x64.ActiveCfg = Debug|x64
		{CF274154-5127-42EC-8562-F5E61FB3DBF5}.Debug|x64.Build.0 = Debug|x64
		{CF274154-5127-42EC-8562-F5E61FB3DBF5}.Debug|x86.ActiveCfg = Debug|Win32
		{CF274154-5127-42EC-8562-F5E61FB3DBF5}.Debug|x86.Build.0 = Debug|Win32
		{CF274154-5127-42EC-8562-F5E61FB3DBF5}.Release|x64.ActiveCfg = Release|x64
		{CF274154-5127-42EC-8562-F5E61FB3DBF5}.Release|x64.Build.0 = Release|x64
		{CF274154-5127-42EC-8562-F5E61FB3DBF5}.Release|x86.ActiveCfg = Release|Win32
		{CF274154-5127-42EC-8562-F5E61FB3DBF5}.Release|x86.Build.0 = Release|Win32
	EndGlobalSection
	GlobalSection(SolutionProperties) = preSolution
		HideSolutionNode = FALSE
	EndGlobalSection
	GlobalSection(ExtensibilityGlobals) = postSolution
		SolutionGuid = {00CFCCBB-E831-4854-BCF6-5FE319D576FF}
	EndGlobalSection
EndGlobal
